
Microsoft Visual Studio Solution File, Format Version 12.00
# Visual Studio Version 16
VisualStudioVersion = 16.0.31019.35
MinimumVisualStudioVersion = 10.0.40219.1
Project("{FAE04EC0-301F-11D3-BF4B-00C04F79EFBC}") = "AnrtdScaffolder", "AnrtdScaffolder\AnrtdScaffolder.csproj", "{E03F7A39-D621-4322-99B1-CEE7BB68841D}"
EndProject
Project("{9A19103F-16F7-4668-BE54-9A1E7A4F7556}") = "Anrtd.Application", "..\AnrtdApi\Anrtd.Application\Anrtd.Application.csproj", "{17094B94-7984-40A9-9B1D-2B445CC6793A}"
EndProject
Global
	GlobalSection(SolutionConfigurationPlatforms) = preSolution
		Debug|Any CPU = Debug|Any CPU
		Release|Any CPU = Release|Any CPU
	EndGlobalSection
	GlobalSection(ProjectConfigurationPlatforms) = postSolution
		{E03F7A39-D621-4322-99B1-CEE7BB68841D}.Debug|Any CPU.ActiveCfg = Debug|Any CPU
		{E03F7A39-D621-4322-99B1-CEE7BB68841D}.Debug|Any CPU.Build.0 = Debug|Any CPU
		{E03F7A39-D621-4322-99B1-CEE7BB68841D}.Release|Any CPU.ActiveCfg = Release|Any CPU
		{E03F7A39-D621-4322-99B1-CEE7BB68841D}.Release|Any CPU.Build.0 = Release|Any CPU
		{17094B94-7984-40A9-9B1D-2B445CC6793A}.Debug|Any CPU.ActiveCfg = Debug|Any CPU
		{17094B94-7984-40A9-9B1D-2B445CC6793A}.Debug|Any CPU.Build.0 = Debug|Any CPU
		{17094B94-7984-40A9-9B1D-2B445CC6793A}.Release|Any CPU.ActiveCfg = Release|Any CPU
		{17094B94-7984-40A9-9B1D-2B445CC6793A}.Release|Any CPU.Build.0 = Release|Any CPU
	EndGlobalSection
	GlobalSection(SolutionProperties) = preSolution
		HideSolutionNode = FALSE
	EndGlobalSection
	GlobalSection(ExtensibilityGlobals) = postSolution
		SolutionGuid = {A7EE3F81-8664-4AAF-B3A2-B06453F0A96D}
	EndGlobalSection
EndGlobal
